# THIS IS AN AUTOGENERATED FILE. DO NOT EDIT THIS FILE DIRECTLY.
# yarn lockfile v1


"@ahrefs/bs-atdgen-codec-runtime@^1.4.0":
  version "1.4.0"
  resolved "https://registry.yarnpkg.com/@ahrefs/bs-atdgen-codec-runtime/-/bs-atdgen-codec-runtime-1.4.0.tgz#38d7e06e56b60f6458c8eb94a066129d0b4814a4"
  integrity sha512-5wb6ezFOjH5AkLnaKY67xbZqtoKTz9RW9hhF15Wujnjf5SRczGN1VoPwRuz3pb4CGam0xotW2FtDiv1L/MoIFw==
  dependencies:
    "@glennsl/bs-json" ">= 3.0.0"

"@glennsl/bs-json@>= 3.0.0":
  version "4.0.0"
  resolved "https://registry.yarnpkg.com/@glennsl/bs-json/-/bs-json-4.0.0.tgz#f057d0d1d84d614e27d8bbb67b64e6b6727f24b2"
  integrity sha512-nunb6+cZcx7pyooh8i4froogXumOOiFb7rF3bz6E9X7b3Dc+3/HGwpnUjxciFN8eQL4QC+MskzG1tG+Ci1aJxA==

bs-platform@^5.0.6:
  version "5.0.6"
  resolved "https://registry.yarnpkg.com/bs-platform/-/bs-platform-5.0.6.tgz#88c13041fb020479800de3d82c680bf971091425"
  integrity sha512-6Boa2VEcWJp2WJr38L7bp3J929nYha7gDarjxb070jWzgfPJ/WbzjipmSfnu2eqqk1MfjEIpBipbPz6n1NISwA==
